{
  "version": 1,
  "dependencies": {
    "net9.0": {
      "SharpZipLib": {
        "type": "Direct",
        "requested": "[1.4.2, )",
        "resolved": "1.4.2",
        "contentHash": "yjj+3zgz8zgXpiiC3ZdF/iyTBbz2fFvMxZFEBPUcwZjIvXOf37Ylm+K58hqMfIBt5JgU/Z2uoUS67JmTLe973A=="
      },
      "ksoft": {
        "type": "Project"
      }
    }
  }
}